
Microsoft Visual Studio Solution File, Format Version 12.00
# Visual Studio 15
VisualStudioVersion = 15.0.28307.421
MinimumVisualStudioVersion = 10.0.40219.1
Project("{9A19103F-16F7-4668-BE54-9A1E7A4F7556}") = "Furniture", "Furniture\Furniture.csproj", "{FCBF28F5-C3CE-4DEE-9F0C-C6AC0584C10C}"
EndProject
Project("{9A19103F-16F7-4668-BE54-9A1E7A4F7556}") = "Race", "Race\Race.csproj", "{6CF3F189-50A5-424F-9C73-7D02890C3AFE}"
EndProject
Project("{9A19103F-16F7-4668-BE54-9A1E7A4F7556}") = "SoftUni Bar Income", "SoftUni Bar Income\SoftUni Bar Income.csproj", "{8E614543-5750-4210-9FEC-0DA6B6E70F44}"
EndProject
Project("{9A19103F-16F7-4668-BE54-9A1E7A4F7556}") = "Star Enigma", "Star Enigma\Star Enigma.csproj", "{F39E6219-8B24-4D20-B727-9131037B67C2}"
EndProject
Project("{FAE04EC0-301F-11D3-BF4B-00C04F79EFBC}") = "Nether Realms", "Nether Realms\Nether Realms.csproj", "{6AE54063-E0A4-41EA-9EEC-A0677234840F}"
EndProject
Project("{FAE04EC0-301F-11D3-BF4B-00C04F79EFBC}") = "Extract Emails", "Extract Emails\Extract Emails.csproj", "{52F2CBC9-C6DB-4D20-903F-91832C150BD3}"
EndProject
Global
	GlobalSection(SolutionConfigurationPlatforms) = preSolution
		Debug|Any CPU = Debug|Any CPU
		Release|Any CPU = Release|Any CPU
	EndGlobalSection
	GlobalSection(ProjectConfigurationPlatforms) = postSolution
		{FCBF28F5-C3CE-4DEE-9F0C-C6AC0584C10C}.Debug|Any CPU.ActiveCfg = Debug|Any CPU
		{FCBF28F5-C3CE-4DEE-9F0C-C6AC0584C10C}.Debug|Any CPU.Build.0 = Debug|Any CPU
		{FCBF28F5-C3CE-4DEE-9F0C-C6AC0584C10C}.Release|Any CPU.ActiveCfg = Release|Any CPU
		{FCBF28F5-C3CE-4DEE-9F0C-C6AC0584C10C}.Release|Any CPU.Build.0 = Release|Any CPU
		{6CF3F189-50A5-424F-9C73-7D02890C3AFE}.Debug|Any CPU.ActiveCfg = Debug|Any CPU
		{6CF3F189-50A5-424F-9C73-7D02890C3AFE}.Debug|Any CPU.Build.0 = Debug|Any CPU
		{6CF3F189-50A5-424F-9C73-7D02890C3AFE}.Release|Any CPU.ActiveCfg = Release|Any CPU
		{6CF3F189-50A5-424F-9C73-7D02890C3AFE}.Release|Any CPU.Build.0 = Release|Any CPU
		{8E614543-5750-4210-9FEC-0DA6B6E70F44}.Debug|Any CPU.ActiveCfg = Debug|Any CPU
		{8E614543-5750-4210-9FEC-0DA6B6E70F44}.Debug|Any CPU.Build.0 = Debug|Any CPU
		{8E614543-5750-4210-9FEC-0DA6B6E70F44}.Release|Any CPU.ActiveCfg = Release|Any CPU
		{8E614543-5750-4210-9FEC-0DA6B6E70F44}.Release|Any CPU.Build.0 = Release|Any CPU
		{F39E6219-8B24-4D20-B727-9131037B67C2}.Debug|Any CPU.ActiveCfg = Debug|Any CPU
		{F39E6219-8B24-4D20-B727-9131037B67C2}.Debug|Any CPU.Build.0 = Debug|Any CPU
		{F39E6219-8B24-4D20-B727-9131037B67C2}.Release|Any CPU.ActiveCfg = Release|Any CPU
		{F39E6219-8B24-4D20-B727-9131037B67C2}.Release|Any CPU.Build.0 = Release|Any CPU
		{6AE54063-E0A4-41EA-9EEC-A0677234840F}.Debug|Any CPU.ActiveCfg = Debug|Any CPU
		{6AE54063-E0A4-41EA-9EEC-A0677234840F}.Debug|Any CPU.Build.0 = Debug|Any CPU
		{6AE54063-E0A4-41EA-9EEC-A0677234840F}.Release|Any CPU.ActiveCfg = Release|Any CPU
		{6AE54063-E0A4-41EA-9EEC-A0677234840F}.Release|Any CPU.Build.0 = Release|Any CPU
		{52F2CBC9-C6DB-4D20-903F-91832C150BD3}.Debug|Any CPU.ActiveCfg = Debug|Any CPU
		{52F2CBC9-C6DB-4D20-903F-91832C150BD3}.Debug|Any CPU.Build.0 = Debug|Any CPU
		{52F2CBC9-C6DB-4D20-903F-91832C150BD3}.Release|Any CPU.ActiveCfg = Release|Any CPU
		{52F2CBC9-C6DB-4D20-903F-91832C150BD3}.Release|Any CPU.Build.0 = Release|Any CPU
	EndGlobalSection
	GlobalSection(SolutionProperties) = preSolution
		HideSolutionNode = FALSE
	EndGlobalSection
	GlobalSection(ExtensibilityGlobals) = postSolution
		SolutionGuid = {52D3956B-7473-4DA5-9818-552C683855AA}
	EndGlobalSection
EndGlobal
