
Microsoft Visual Studio Solution File, Format Version 12.00
# Visual Studio 15
VisualStudioVersion = 15.0.28307.421
MinimumVisualStudioVersion = 10.0.40219.1
Project("{FAE04EC0-301F-11D3-BF4B-00C04F79EFBC}") = "Feed the Animals", "Feed the Animals\Feed the Animals.csproj", "{343C679E-8AAD-49EF-BE91-DCC1907A23E0}"
EndProject
Project("{FAE04EC0-301F-11D3-BF4B-00C04F79EFBC}") = "(Demo) String Manipulator", "(Demo) String Manipulator\(Demo) String Manipulator.csproj", "{56734793-C98F-4468-8BE2-E027A827FAE1}"
EndProject
Project("{FAE04EC0-301F-11D3-BF4B-00C04F79EFBC}") = "Emoji Sumator", "Emoji Sumator\Emoji Sumator.csproj", "{F248B961-37D5-437E-A916-374319F9BC89}"
EndProject
Global
	GlobalSection(SolutionConfigurationPlatforms) = preSolution
		Debug|Any CPU = Debug|Any CPU
		Release|Any CPU = Release|Any CPU
	EndGlobalSection
	GlobalSection(ProjectConfigurationPlatforms) = postSolution
		{343C679E-8AAD-49EF-BE91-DCC1907A23E0}.Debug|Any CPU.ActiveCfg = Debug|Any CPU
		{343C679E-8AAD-49EF-BE91-DCC1907A23E0}.Debug|Any CPU.Build.0 = Debug|Any CPU
		{343C679E-8AAD-49EF-BE91-DCC1907A23E0}.Release|Any CPU.ActiveCfg = Release|Any CPU
		{343C679E-8AAD-49EF-BE91-DCC1907A23E0}.Release|Any CPU.Build.0 = Release|Any CPU
		{56734793-C98F-4468-8BE2-E027A827FAE1}.Debug|Any CPU.ActiveCfg = Debug|Any CPU
		{56734793-C98F-4468-8BE2-E027A827FAE1}.Debug|Any CPU.Build.0 = Debug|Any CPU
		{56734793-C98F-4468-8BE2-E027A827FAE1}.Release|Any CPU.ActiveCfg = Release|Any CPU
		{56734793-C98F-4468-8BE2-E027A827FAE1}.Release|Any CPU.Build.0 = Release|Any CPU
		{F248B961-37D5-437E-A916-374319F9BC89}.Debug|Any CPU.ActiveCfg = Debug|Any CPU
		{F248B961-37D5-437E-A916-374319F9BC89}.Debug|Any CPU.Build.0 = Debug|Any CPU
		{F248B961-37D5-437E-A916-374319F9BC89}.Release|Any CPU.ActiveCfg = Release|Any CPU
		{F248B961-37D5-437E-A916-374319F9BC89}.Release|Any CPU.Build.0 = Release|Any CPU
	EndGlobalSection
	GlobalSection(SolutionProperties) = preSolution
		HideSolutionNode = FALSE
	EndGlobalSection
	GlobalSection(ExtensibilityGlobals) = postSolution
		SolutionGuid = {B4066503-CA7C-4F68-ABF5-705CC5554CBF}
	EndGlobalSection
EndGlobal
