
Microsoft Visual Studio Solution File, Format Version 12.00
# Visual Studio Version 16
VisualStudioVersion = 16.0.29709.97
MinimumVisualStudioVersion = 10.0.40219.1
Project("{9A19103F-16F7-4668-BE54-9A1E7A4F7556}") = "P03_SalesDatabase", "P03_SalesDatabase.csproj", "{73D72E56-C3C4-4EB6-A786-351B9E0E9DCB}"
EndProject
Global
	GlobalSection(SolutionConfigurationPlatforms) = preSolution
		Debug|Any CPU = Debug|Any CPU
		Release|Any CPU = Release|Any CPU
	EndGlobalSection
	GlobalSection(ProjectConfigurationPlatforms) = postSolution
		{73D72E56-C3C4-4EB6-A786-351B9E0E9DCB}.Debug|Any CPU.ActiveCfg = Debug|Any CPU
		{73D72E56-C3C4-4EB6-A786-351B9E0E9DCB}.Debug|Any CPU.Build.0 = Debug|Any CPU
		{73D72E56-C3C4-4EB6-A786-351B9E0E9DCB}.Release|Any CPU.ActiveCfg = Release|Any CPU
		{73D72E56-C3C4-4EB6-A786-351B9E0E9DCB}.Release|Any CPU.Build.0 = Release|Any CPU
	EndGlobalSection
	GlobalSection(SolutionProperties) = preSolution
		HideSolutionNode = FALSE
	EndGlobalSection
	GlobalSection(ExtensibilityGlobals) = postSolution
		SolutionGuid = {E4876561-DCBF-4A58-8E94-272EDE0E8E5F}
	EndGlobalSection
EndGlobal
