
Microsoft Visual Studio Solution File, Format Version 12.00
# Visual Studio 15
VisualStudioVersion = 15.0.28307.421
MinimumVisualStudioVersion = 10.0.40219.1
Project("{FAE04EC0-301F-11D3-BF4B-00C04F79EFBC}") = "Basic Stack Operations", "Basic Stack Operations\Basic Stack Operations.csproj", "{12C22BAB-420E-4BF5-91FC-893CC9887091}"
EndProject
Project("{FAE04EC0-301F-11D3-BF4B-00C04F79EFBC}") = "Basic Queue Operations", "Basic Queue Operations\Basic Queue Operations.csproj", "{6D90D370-A577-4BC2-B7BD-DFB353DC8F70}"
EndProject
Project("{FAE04EC0-301F-11D3-BF4B-00C04F79EFBC}") = "Maximum and Minimum Element", "Maximum and Minimum Element\Maximum and Minimum Element.csproj", "{AD5D962D-324F-4E96-820D-4A4C465F5F24}"
EndProject
Project("{FAE04EC0-301F-11D3-BF4B-00C04F79EFBC}") = "Fast Food", "Fast Food\Fast Food.csproj", "{3EE7AA00-935F-49A2-BD36-6949F80516E4}"
EndProject
Global
	GlobalSection(SolutionConfigurationPlatforms) = preSolution
		Debug|Any CPU = Debug|Any CPU
		Release|Any CPU = Release|Any CPU
	EndGlobalSection
	GlobalSection(ProjectConfigurationPlatforms) = postSolution
		{12C22BAB-420E-4BF5-91FC-893CC9887091}.Debug|Any CPU.ActiveCfg = Debug|Any CPU
		{12C22BAB-420E-4BF5-91FC-893CC9887091}.Debug|Any CPU.Build.0 = Debug|Any CPU
		{12C22BAB-420E-4BF5-91FC-893CC9887091}.Release|Any CPU.ActiveCfg = Release|Any CPU
		{12C22BAB-420E-4BF5-91FC-893CC9887091}.Release|Any CPU.Build.0 = Release|Any CPU
		{6D90D370-A577-4BC2-B7BD-DFB353DC8F70}.Debug|Any CPU.ActiveCfg = Debug|Any CPU
		{6D90D370-A577-4BC2-B7BD-DFB353DC8F70}.Debug|Any CPU.Build.0 = Debug|Any CPU
		{6D90D370-A577-4BC2-B7BD-DFB353DC8F70}.Release|Any CPU.ActiveCfg = Release|Any CPU
		{6D90D370-A577-4BC2-B7BD-DFB353DC8F70}.Release|Any CPU.Build.0 = Release|Any CPU
		{AD5D962D-324F-4E96-820D-4A4C465F5F24}.Debug|Any CPU.ActiveCfg = Debug|Any CPU
		{AD5D962D-324F-4E96-820D-4A4C465F5F24}.Debug|Any CPU.Build.0 = Debug|Any CPU
		{AD5D962D-324F-4E96-820D-4A4C465F5F24}.Release|Any CPU.ActiveCfg = Release|Any CPU
		{AD5D962D-324F-4E96-820D-4A4C465F5F24}.Release|Any CPU.Build.0 = Release|Any CPU
		{3EE7AA00-935F-49A2-BD36-6949F80516E4}.Debug|Any CPU.ActiveCfg = Debug|Any CPU
		{3EE7AA00-935F-49A2-BD36-6949F80516E4}.Debug|Any CPU.Build.0 = Debug|Any CPU
		{3EE7AA00-935F-49A2-BD36-6949F80516E4}.Release|Any CPU.ActiveCfg = Release|Any CPU
		{3EE7AA00-935F-49A2-BD36-6949F80516E4}.Release|Any CPU.Build.0 = Release|Any CPU
	EndGlobalSection
	GlobalSection(SolutionProperties) = preSolution
		HideSolutionNode = FALSE
	EndGlobalSection
	GlobalSection(ExtensibilityGlobals) = postSolution
		SolutionGuid = {CC136A40-9C01-4B24-96E3-087B305FCC91}
	EndGlobalSection
EndGlobal
