
Microsoft Visual Studio Solution File, Format Version 12.00
# Visual Studio Version 16
VisualStudioVersion = 16.0.29709.97
MinimumVisualStudioVersion = 10.0.40219.1
Project("{9A19103F-16F7-4668-BE54-9A1E7A4F7556}") = "1. Initial Setup", "1. Initial Setup\1. Initial Setup.csproj", "{58956906-CA1F-4E28-BEFA-0224252ADC77}"
EndProject
Project("{9A19103F-16F7-4668-BE54-9A1E7A4F7556}") = "2.VillainNames", "2.VillainNames\2.VillainNames.csproj", "{027111AC-C7CE-4581-910F-7EC55DE6EFE7}"
EndProject
Project("{9A19103F-16F7-4668-BE54-9A1E7A4F7556}") = "3.MinionNames", "3.MinionNames\3.MinionNames.csproj", "{B2B203B0-6997-475E-BF68-3A41709848AB}"
EndProject
Project("{9A19103F-16F7-4668-BE54-9A1E7A4F7556}") = "4.AddMinion", "4.AddMinion\4.AddMinion.csproj", "{2078D7DF-F5B3-4BFB-A8FC-BC1837645A49}"
EndProject
Project("{FAE04EC0-301F-11D3-BF4B-00C04F79EFBC}") = "5.ChangeTownNamesCasing", "5.ChangeTownNamesCasing\5.ChangeTownNamesCasing.csproj", "{9847DE76-9092-40CE-990F-2417B19ECF14}"
EndProject
Project("{FAE04EC0-301F-11D3-BF4B-00C04F79EFBC}") = "6.RemoveVillain", "6.RemoveVillain\6.RemoveVillain.csproj", "{9364E176-D4AA-4A63-AE2C-6CAD4CE3C402}"
EndProject
Project("{FAE04EC0-301F-11D3-BF4B-00C04F79EFBC}") = "7.PrintAllMinionNames", "7.PrintAllMinionNames\7.PrintAllMinionNames.csproj", "{EEA60831-A74A-4FCD-A61A-AAED0FE6EF3C}"
EndProject
Project("{FAE04EC0-301F-11D3-BF4B-00C04F79EFBC}") = "8.IncreaseMinionAge", "8.IncreaseMinionAge\8.IncreaseMinionAge.csproj", "{CA975935-3EE7-4221-B672-8F05EB9F240E}"
EndProject
Project("{FAE04EC0-301F-11D3-BF4B-00C04F79EFBC}") = "9.IncreaseAgeStoredProcedure", "9.IncreaseAgeStoredProcedure\9.IncreaseAgeStoredProcedure.csproj", "{0EEA7034-3517-4327-8F84-4040184B4BCF}"
EndProject
Global
	GlobalSection(SolutionConfigurationPlatforms) = preSolution
		Debug|Any CPU = Debug|Any CPU
		Release|Any CPU = Release|Any CPU
	EndGlobalSection
	GlobalSection(ProjectConfigurationPlatforms) = postSolution
		{58956906-CA1F-4E28-BEFA-0224252ADC77}.Debug|Any CPU.ActiveCfg = Debug|Any CPU
		{58956906-CA1F-4E28-BEFA-0224252ADC77}.Debug|Any CPU.Build.0 = Debug|Any CPU
		{58956906-CA1F-4E28-BEFA-0224252ADC77}.Release|Any CPU.ActiveCfg = Release|Any CPU
		{58956906-CA1F-4E28-BEFA-0224252ADC77}.Release|Any CPU.Build.0 = Release|Any CPU
		{027111AC-C7CE-4581-910F-7EC55DE6EFE7}.Debug|Any CPU.ActiveCfg = Debug|Any CPU
		{027111AC-C7CE-4581-910F-7EC55DE6EFE7}.Debug|Any CPU.Build.0 = Debug|Any CPU
		{027111AC-C7CE-4581-910F-7EC55DE6EFE7}.Release|Any CPU.ActiveCfg = Release|Any CPU
		{027111AC-C7CE-4581-910F-7EC55DE6EFE7}.Release|Any CPU.Build.0 = Release|Any CPU
		{B2B203B0-6997-475E-BF68-3A41709848AB}.Debug|Any CPU.ActiveCfg = Debug|Any CPU
		{B2B203B0-6997-475E-BF68-3A41709848AB}.Debug|Any CPU.Build.0 = Debug|Any CPU
		{B2B203B0-6997-475E-BF68-3A41709848AB}.Release|Any CPU.ActiveCfg = Release|Any CPU
		{B2B203B0-6997-475E-BF68-3A41709848AB}.Release|Any CPU.Build.0 = Release|Any CPU
		{2078D7DF-F5B3-4BFB-A8FC-BC1837645A49}.Debug|Any CPU.ActiveCfg = Debug|Any CPU
		{2078D7DF-F5B3-4BFB-A8FC-BC1837645A49}.Debug|Any CPU.Build.0 = Debug|Any CPU
		{2078D7DF-F5B3-4BFB-A8FC-BC1837645A49}.Release|Any CPU.ActiveCfg = Release|Any CPU
		{2078D7DF-F5B3-4BFB-A8FC-BC1837645A49}.Release|Any CPU.Build.0 = Release|Any CPU
		{9847DE76-9092-40CE-990F-2417B19ECF14}.Debug|Any CPU.ActiveCfg = Debug|Any CPU
		{9847DE76-9092-40CE-990F-2417B19ECF14}.Debug|Any CPU.Build.0 = Debug|Any CPU
		{9847DE76-9092-40CE-990F-2417B19ECF14}.Release|Any CPU.ActiveCfg = Release|Any CPU
		{9847DE76-9092-40CE-990F-2417B19ECF14}.Release|Any CPU.Build.0 = Release|Any CPU
		{9364E176-D4AA-4A63-AE2C-6CAD4CE3C402}.Debug|Any CPU.ActiveCfg = Debug|Any CPU
		{9364E176-D4AA-4A63-AE2C-6CAD4CE3C402}.Debug|Any CPU.Build.0 = Debug|Any CPU
		{9364E176-D4AA-4A63-AE2C-6CAD4CE3C402}.Release|Any CPU.ActiveCfg = Release|Any CPU
		{9364E176-D4AA-4A63-AE2C-6CAD4CE3C402}.Release|Any CPU.Build.0 = Release|Any CPU
		{EEA60831-A74A-4FCD-A61A-AAED0FE6EF3C}.Debug|Any CPU.ActiveCfg = Debug|Any CPU
		{EEA60831-A74A-4FCD-A61A-AAED0FE6EF3C}.Debug|Any CPU.Build.0 = Debug|Any CPU
		{EEA60831-A74A-4FCD-A61A-AAED0FE6EF3C}.Release|Any CPU.ActiveCfg = Release|Any CPU
		{EEA60831-A74A-4FCD-A61A-AAED0FE6EF3C}.Release|Any CPU.Build.0 = Release|Any CPU
		{CA975935-3EE7-4221-B672-8F05EB9F240E}.Debug|Any CPU.ActiveCfg = Debug|Any CPU
		{CA975935-3EE7-4221-B672-8F05EB9F240E}.Debug|Any CPU.Build.0 = Debug|Any CPU
		{CA975935-3EE7-4221-B672-8F05EB9F240E}.Release|Any CPU.ActiveCfg = Release|Any CPU
		{CA975935-3EE7-4221-B672-8F05EB9F240E}.Release|Any CPU.Build.0 = Release|Any CPU
		{0EEA7034-3517-4327-8F84-4040184B4BCF}.Debug|Any CPU.ActiveCfg = Debug|Any CPU
		{0EEA7034-3517-4327-8F84-4040184B4BCF}.Debug|Any CPU.Build.0 = Debug|Any CPU
		{0EEA7034-3517-4327-8F84-4040184B4BCF}.Release|Any CPU.ActiveCfg = Release|Any CPU
		{0EEA7034-3517-4327-8F84-4040184B4BCF}.Release|Any CPU.Build.0 = Release|Any CPU
	EndGlobalSection
	GlobalSection(SolutionProperties) = preSolution
		HideSolutionNode = FALSE
	EndGlobalSection
	GlobalSection(ExtensibilityGlobals) = postSolution
		SolutionGuid = {6E58A1F0-2B06-4151-81C5-B040984A0642}
	EndGlobalSection
EndGlobal
