
Microsoft Visual Studio Solution File, Format Version 12.00
# Visual Studio 15
VisualStudioVersion = 15.0.28307.421
MinimumVisualStudioVersion = 10.0.40219.1
Project("{9A19103F-16F7-4668-BE54-9A1E7A4F7556}") = "Sum Matrix Elements", "Sum Matrix Elements\Sum Matrix Elements.csproj", "{28A28D4E-AA3A-4B10-9569-9D62C00E1463}"
EndProject
Project("{9A19103F-16F7-4668-BE54-9A1E7A4F7556}") = "Sum Matrix Columns", "Sum Matrix Columns\Sum Matrix Columns.csproj", "{4F0B1D7D-C0AD-4ED8-A23F-EAA4378E6990}"
EndProject
Project("{9A19103F-16F7-4668-BE54-9A1E7A4F7556}") = "Primary Diagonal", "Primary Diagonal\Primary Diagonal.csproj", "{924E6865-1593-4400-97BE-177CBFC4B441}"
EndProject
Project("{9A19103F-16F7-4668-BE54-9A1E7A4F7556}") = "Symbol in Matrix", "Symbol in Matrix\Symbol in Matrix.csproj", "{84AA2DD6-EC67-48FE-99C3-638B6F3106C9}"
EndProject
Project("{FAE04EC0-301F-11D3-BF4B-00C04F79EFBC}") = "Square With Maximum Sum", "Square With Maximum Sum\Square With Maximum Sum.csproj", "{E283FAE9-F981-4752-A28E-8845B3FB9DCB}"
EndProject
Global
	GlobalSection(SolutionConfigurationPlatforms) = preSolution
		Debug|Any CPU = Debug|Any CPU
		Release|Any CPU = Release|Any CPU
	EndGlobalSection
	GlobalSection(ProjectConfigurationPlatforms) = postSolution
		{28A28D4E-AA3A-4B10-9569-9D62C00E1463}.Debug|Any CPU.ActiveCfg = Debug|Any CPU
		{28A28D4E-AA3A-4B10-9569-9D62C00E1463}.Debug|Any CPU.Build.0 = Debug|Any CPU
		{28A28D4E-AA3A-4B10-9569-9D62C00E1463}.Release|Any CPU.ActiveCfg = Release|Any CPU
		{28A28D4E-AA3A-4B10-9569-9D62C00E1463}.Release|Any CPU.Build.0 = Release|Any CPU
		{4F0B1D7D-C0AD-4ED8-A23F-EAA4378E6990}.Debug|Any CPU.ActiveCfg = Debug|Any CPU
		{4F0B1D7D-C0AD-4ED8-A23F-EAA4378E6990}.Debug|Any CPU.Build.0 = Debug|Any CPU
		{4F0B1D7D-C0AD-4ED8-A23F-EAA4378E6990}.Release|Any CPU.ActiveCfg = Release|Any CPU
		{4F0B1D7D-C0AD-4ED8-A23F-EAA4378E6990}.Release|Any CPU.Build.0 = Release|Any CPU
		{924E6865-1593-4400-97BE-177CBFC4B441}.Debug|Any CPU.ActiveCfg = Debug|Any CPU
		{924E6865-1593-4400-97BE-177CBFC4B441}.Debug|Any CPU.Build.0 = Debug|Any CPU
		{924E6865-1593-4400-97BE-177CBFC4B441}.Release|Any CPU.ActiveCfg = Release|Any CPU
		{924E6865-1593-4400-97BE-177CBFC4B441}.Release|Any CPU.Build.0 = Release|Any CPU
		{84AA2DD6-EC67-48FE-99C3-638B6F3106C9}.Debug|Any CPU.ActiveCfg = Debug|Any CPU
		{84AA2DD6-EC67-48FE-99C3-638B6F3106C9}.Debug|Any CPU.Build.0 = Debug|Any CPU
		{84AA2DD6-EC67-48FE-99C3-638B6F3106C9}.Release|Any CPU.ActiveCfg = Release|Any CPU
		{84AA2DD6-EC67-48FE-99C3-638B6F3106C9}.Release|Any CPU.Build.0 = Release|Any CPU
		{E283FAE9-F981-4752-A28E-8845B3FB9DCB}.Debug|Any CPU.ActiveCfg = Debug|Any CPU
		{E283FAE9-F981-4752-A28E-8845B3FB9DCB}.Debug|Any CPU.Build.0 = Debug|Any CPU
		{E283FAE9-F981-4752-A28E-8845B3FB9DCB}.Release|Any CPU.ActiveCfg = Release|Any CPU
		{E283FAE9-F981-4752-A28E-8845B3FB9DCB}.Release|Any CPU.Build.0 = Release|Any CPU
	EndGlobalSection
	GlobalSection(SolutionProperties) = preSolution
		HideSolutionNode = FALSE
	EndGlobalSection
	GlobalSection(ExtensibilityGlobals) = postSolution
		SolutionGuid = {A27EFA1B-CCC2-402C-A2AF-DB60399F2B2A}
	EndGlobalSection
EndGlobal
