
Microsoft Visual Studio Solution File, Format Version 12.00
# Visual Studio 15
VisualStudioVersion = 15.0.28307.421
MinimumVisualStudioVersion = 10.0.40219.1
Project("{FAE04EC0-301F-11D3-BF4B-00C04F79EFBC}") = "Last K Numbers Sum Seq", "Last K Numbers Sum Seq\Last K Numbers Sum Seq.csproj", "{077E7DC2-C436-4AA1-9F47-3C0E4981CD33}"
EndProject
Global
	GlobalSection(SolutionConfigurationPlatforms) = preSolution
		Debug|Any CPU = Debug|Any CPU
		Release|Any CPU = Release|Any CPU
	EndGlobalSection
	GlobalSection(ProjectConfigurationPlatforms) = postSolution
		{077E7DC2-C436-4AA1-9F47-3C0E4981CD33}.Debug|Any CPU.ActiveCfg = Debug|Any CPU
		{077E7DC2-C436-4AA1-9F47-3C0E4981CD33}.Debug|Any CPU.Build.0 = Debug|Any CPU
		{077E7DC2-C436-4AA1-9F47-3C0E4981CD33}.Release|Any CPU.ActiveCfg = Release|Any CPU
		{077E7DC2-C436-4AA1-9F47-3C0E4981CD33}.Release|Any CPU.Build.0 = Release|Any CPU
	EndGlobalSection
	GlobalSection(SolutionProperties) = preSolution
		HideSolutionNode = FALSE
	EndGlobalSection
	GlobalSection(ExtensibilityGlobals) = postSolution
		SolutionGuid = {A4CBC49E-243C-4149-98B7-E0C0F0400541}
	EndGlobalSection
EndGlobal
