
Microsoft Visual Studio Solution File, Format Version 12.00
# Visual Studio 15
VisualStudioVersion = 15.0.28307.421
MinimumVisualStudioVersion = 10.0.40219.1
Project("{9A19103F-16F7-4668-BE54-9A1E7A4F7556}") = "Messaging", "Messaging\Messaging.csproj", "{A6CAB16C-4969-4E6F-B17F-262490CED1F5}"
EndProject
Project("{9A19103F-16F7-4668-BE54-9A1E7A4F7556}") = "Car Race", "Car Race\Car Race.csproj", "{40CABDCD-2031-41DF-A88E-ED0EE81B7C81}"
EndProject
Project("{9A19103F-16F7-4668-BE54-9A1E7A4F7556}") = "Take Skip Rope", "Take Skip Rope\Take Skip Rope.csproj", "{1ABACA4F-C4B4-486D-A5E1-DCA066AA2745}"
EndProject
Project("{9A19103F-16F7-4668-BE54-9A1E7A4F7556}") = "Mixed up Lists", "Mixed up Lists\Mixed up Lists.csproj", "{B0CADCD0-AD2F-4738-8816-B1E289CFCA2E}"
EndProject
Project("{FAE04EC0-301F-11D3-BF4B-00C04F79EFBC}") = "Drum Set", "Drum Set\Drum Set.csproj", "{8891EE75-7E79-4D9D-A662-FC6232CC60C0}"
EndProject
Global
	GlobalSection(SolutionConfigurationPlatforms) = preSolution
		Debug|Any CPU = Debug|Any CPU
		Release|Any CPU = Release|Any CPU
	EndGlobalSection
	GlobalSection(ProjectConfigurationPlatforms) = postSolution
		{A6CAB16C-4969-4E6F-B17F-262490CED1F5}.Debug|Any CPU.ActiveCfg = Debug|Any CPU
		{A6CAB16C-4969-4E6F-B17F-262490CED1F5}.Debug|Any CPU.Build.0 = Debug|Any CPU
		{A6CAB16C-4969-4E6F-B17F-262490CED1F5}.Release|Any CPU.ActiveCfg = Release|Any CPU
		{A6CAB16C-4969-4E6F-B17F-262490CED1F5}.Release|Any CPU.Build.0 = Release|Any CPU
		{40CABDCD-2031-41DF-A88E-ED0EE81B7C81}.Debug|Any CPU.ActiveCfg = Debug|Any CPU
		{40CABDCD-2031-41DF-A88E-ED0EE81B7C81}.Debug|Any CPU.Build.0 = Debug|Any CPU
		{40CABDCD-2031-41DF-A88E-ED0EE81B7C81}.Release|Any CPU.ActiveCfg = Release|Any CPU
		{40CABDCD-2031-41DF-A88E-ED0EE81B7C81}.Release|Any CPU.Build.0 = Release|Any CPU
		{1ABACA4F-C4B4-486D-A5E1-DCA066AA2745}.Debug|Any CPU.ActiveCfg = Debug|Any CPU
		{1ABACA4F-C4B4-486D-A5E1-DCA066AA2745}.Debug|Any CPU.Build.0 = Debug|Any CPU
		{1ABACA4F-C4B4-486D-A5E1-DCA066AA2745}.Release|Any CPU.ActiveCfg = Release|Any CPU
		{1ABACA4F-C4B4-486D-A5E1-DCA066AA2745}.Release|Any CPU.Build.0 = Release|Any CPU
		{B0CADCD0-AD2F-4738-8816-B1E289CFCA2E}.Debug|Any CPU.ActiveCfg = Debug|Any CPU
		{B0CADCD0-AD2F-4738-8816-B1E289CFCA2E}.Debug|Any CPU.Build.0 = Debug|Any CPU
		{B0CADCD0-AD2F-4738-8816-B1E289CFCA2E}.Release|Any CPU.ActiveCfg = Release|Any CPU
		{B0CADCD0-AD2F-4738-8816-B1E289CFCA2E}.Release|Any CPU.Build.0 = Release|Any CPU
		{8891EE75-7E79-4D9D-A662-FC6232CC60C0}.Debug|Any CPU.ActiveCfg = Debug|Any CPU
		{8891EE75-7E79-4D9D-A662-FC6232CC60C0}.Debug|Any CPU.Build.0 = Debug|Any CPU
		{8891EE75-7E79-4D9D-A662-FC6232CC60C0}.Release|Any CPU.ActiveCfg = Release|Any CPU
		{8891EE75-7E79-4D9D-A662-FC6232CC60C0}.Release|Any CPU.Build.0 = Release|Any CPU
	EndGlobalSection
	GlobalSection(SolutionProperties) = preSolution
		HideSolutionNode = FALSE
	EndGlobalSection
	GlobalSection(ExtensibilityGlobals) = postSolution
		SolutionGuid = {CD09D364-895D-4073-B066-D0E1172EC701}
	EndGlobalSection
EndGlobal
