
Microsoft Visual Studio Solution File, Format Version 12.00
# Visual Studio 15
VisualStudioVersion = 15.0.28307.421
MinimumVisualStudioVersion = 10.0.40219.1
Project("{FAE04EC0-301F-11D3-BF4B-00C04F79EFBC}") = "Count Real Numbers", "Count Real Numbers\Count Real Numbers.csproj", "{C7B79D78-A11C-4617-A9CA-3C557FAB5D41}"
EndProject
Project("{FAE04EC0-301F-11D3-BF4B-00C04F79EFBC}") = "Odd Occurrences", "Odd Occurrences\Odd Occurrences.csproj", "{3A219844-3D5C-4579-8548-651B34618C5A}"
EndProject
Project("{FAE04EC0-301F-11D3-BF4B-00C04F79EFBC}") = "Word Synonyms", "Word Synonyms\Word Synonyms.csproj", "{F53E13B3-F359-4BFF-AC84-7DF027C0E39A}"
EndProject
Project("{FAE04EC0-301F-11D3-BF4B-00C04F79EFBC}") = "Largest 3 Numbers", "Largest 3 Numbers\Largest 3 Numbers.csproj", "{B9D85AA0-061B-46C2-AB91-22DE2E48CFEF}"
EndProject
Project("{FAE04EC0-301F-11D3-BF4B-00C04F79EFBC}") = "Word Filter", "Word Filter\Word Filter.csproj", "{2091633A-168C-468A-8527-02FECB9A3989}"
EndProject
Global
	GlobalSection(SolutionConfigurationPlatforms) = preSolution
		Debug|Any CPU = Debug|Any CPU
		Release|Any CPU = Release|Any CPU
	EndGlobalSection
	GlobalSection(ProjectConfigurationPlatforms) = postSolution
		{C7B79D78-A11C-4617-A9CA-3C557FAB5D41}.Debug|Any CPU.ActiveCfg = Debug|Any CPU
		{C7B79D78-A11C-4617-A9CA-3C557FAB5D41}.Debug|Any CPU.Build.0 = Debug|Any CPU
		{C7B79D78-A11C-4617-A9CA-3C557FAB5D41}.Release|Any CPU.ActiveCfg = Release|Any CPU
		{C7B79D78-A11C-4617-A9CA-3C557FAB5D41}.Release|Any CPU.Build.0 = Release|Any CPU
		{3A219844-3D5C-4579-8548-651B34618C5A}.Debug|Any CPU.ActiveCfg = Debug|Any CPU
		{3A219844-3D5C-4579-8548-651B34618C5A}.Debug|Any CPU.Build.0 = Debug|Any CPU
		{3A219844-3D5C-4579-8548-651B34618C5A}.Release|Any CPU.ActiveCfg = Release|Any CPU
		{3A219844-3D5C-4579-8548-651B34618C5A}.Release|Any CPU.Build.0 = Release|Any CPU
		{F53E13B3-F359-4BFF-AC84-7DF027C0E39A}.Debug|Any CPU.ActiveCfg = Debug|Any CPU
		{F53E13B3-F359-4BFF-AC84-7DF027C0E39A}.Debug|Any CPU.Build.0 = Debug|Any CPU
		{F53E13B3-F359-4BFF-AC84-7DF027C0E39A}.Release|Any CPU.ActiveCfg = Release|Any CPU
		{F53E13B3-F359-4BFF-AC84-7DF027C0E39A}.Release|Any CPU.Build.0 = Release|Any CPU
		{B9D85AA0-061B-46C2-AB91-22DE2E48CFEF}.Debug|Any CPU.ActiveCfg = Debug|Any CPU
		{B9D85AA0-061B-46C2-AB91-22DE2E48CFEF}.Debug|Any CPU.Build.0 = Debug|Any CPU
		{B9D85AA0-061B-46C2-AB91-22DE2E48CFEF}.Release|Any CPU.ActiveCfg = Release|Any CPU
		{B9D85AA0-061B-46C2-AB91-22DE2E48CFEF}.Release|Any CPU.Build.0 = Release|Any CPU
		{2091633A-168C-468A-8527-02FECB9A3989}.Debug|Any CPU.ActiveCfg = Debug|Any CPU
		{2091633A-168C-468A-8527-02FECB9A3989}.Debug|Any CPU.Build.0 = Debug|Any CPU
		{2091633A-168C-468A-8527-02FECB9A3989}.Release|Any CPU.ActiveCfg = Release|Any CPU
		{2091633A-168C-468A-8527-02FECB9A3989}.Release|Any CPU.Build.0 = Release|Any CPU
	EndGlobalSection
	GlobalSection(SolutionProperties) = preSolution
		HideSolutionNode = FALSE
	EndGlobalSection
	GlobalSection(ExtensibilityGlobals) = postSolution
		SolutionGuid = {AD734D85-7046-426A-9060-02301FDFD974}
	EndGlobalSection
EndGlobal
