
Microsoft Visual Studio Solution File, Format Version 12.00
# Visual Studio 15
VisualStudioVersion = 15.0.28307.421
MinimumVisualStudioVersion = 10.0.40219.1
Project("{FAE04EC0-301F-11D3-BF4B-00C04F79EFBC}") = "Persons", "Persons\Persons.csproj", "{B7CB2204-F7DF-4C89-B4C3-02B1976B5293}"
EndProject
Global
	GlobalSection(SolutionConfigurationPlatforms) = preSolution
		Debug|Any CPU = Debug|Any CPU
		Release|Any CPU = Release|Any CPU
	EndGlobalSection
	GlobalSection(ProjectConfigurationPlatforms) = postSolution
		{B7CB2204-F7DF-4C89-B4C3-02B1976B5293}.Debug|Any CPU.ActiveCfg = Debug|Any CPU
		{B7CB2204-F7DF-4C89-B4C3-02B1976B5293}.Debug|Any CPU.Build.0 = Debug|Any CPU
		{B7CB2204-F7DF-4C89-B4C3-02B1976B5293}.Release|Any CPU.ActiveCfg = Release|Any CPU
		{B7CB2204-F7DF-4C89-B4C3-02B1976B5293}.Release|Any CPU.Build.0 = Release|Any CPU
	EndGlobalSection
	GlobalSection(SolutionProperties) = preSolution
		HideSolutionNode = FALSE
	EndGlobalSection
	GlobalSection(ExtensibilityGlobals) = postSolution
		SolutionGuid = {BDFAE8FE-EF21-4557-9275-567B29684E5A}
	EndGlobalSection
EndGlobal
