
Microsoft Visual Studio Solution File, Format Version 12.00
# Visual Studio Version 16
VisualStudioVersion = 16.0.29709.97
MinimumVisualStudioVersion = 10.0.40219.1
Project("{9A19103F-16F7-4668-BE54-9A1E7A4F7556}") = "VaporStore", "VaporStore.csproj", "{3DA69E0A-EF5C-4F49-AE2C-C8F77B5B088D}"
EndProject
Global
	GlobalSection(SolutionConfigurationPlatforms) = preSolution
		Debug|Any CPU = Debug|Any CPU
		Release|Any CPU = Release|Any CPU
	EndGlobalSection
	GlobalSection(ProjectConfigurationPlatforms) = postSolution
		{3DA69E0A-EF5C-4F49-AE2C-C8F77B5B088D}.Debug|Any CPU.ActiveCfg = Debug|Any CPU
		{3DA69E0A-EF5C-4F49-AE2C-C8F77B5B088D}.Debug|Any CPU.Build.0 = Debug|Any CPU
		{3DA69E0A-EF5C-4F49-AE2C-C8F77B5B088D}.Release|Any CPU.ActiveCfg = Release|Any CPU
		{3DA69E0A-EF5C-4F49-AE2C-C8F77B5B088D}.Release|Any CPU.Build.0 = Release|Any CPU
	EndGlobalSection
	GlobalSection(SolutionProperties) = preSolution
		HideSolutionNode = FALSE
	EndGlobalSection
	GlobalSection(ExtensibilityGlobals) = postSolution
		SolutionGuid = {9EEBE357-A0E7-4E00-B901-7D6987A97C6A}
	EndGlobalSection
EndGlobal
