
Microsoft Visual Studio Solution File, Format Version 12.00
# Visual Studio 15
VisualStudioVersion = 15.0.28307.421
MinimumVisualStudioVersion = 10.0.40219.1
Project("{FAE04EC0-301F-11D3-BF4B-00C04F79EFBC}") = "String Manipulator", "String Manipulator\String Manipulator.csproj", "{522A5B04-F51E-4058-818C-3FAEE796ABB6}"
EndProject
Project("{FAE04EC0-301F-11D3-BF4B-00C04F79EFBC}") = "Battle Manager", "Battle Manager\Battle Manager.csproj", "{DE4358BC-2FC6-480B-92A2-8AAE38970667}"
EndProject
Project("{FAE04EC0-301F-11D3-BF4B-00C04F79EFBC}") = "Message Encrypter", "Message Encrypter\Message Encrypter.csproj", "{0CF55F0D-B655-4004-B96A-5722188D8B1A}"
EndProject
Global
	GlobalSection(SolutionConfigurationPlatforms) = preSolution
		Debug|Any CPU = Debug|Any CPU
		Release|Any CPU = Release|Any CPU
	EndGlobalSection
	GlobalSection(ProjectConfigurationPlatforms) = postSolution
		{522A5B04-F51E-4058-818C-3FAEE796ABB6}.Debug|Any CPU.ActiveCfg = Debug|Any CPU
		{522A5B04-F51E-4058-818C-3FAEE796ABB6}.Debug|Any CPU.Build.0 = Debug|Any CPU
		{522A5B04-F51E-4058-818C-3FAEE796ABB6}.Release|Any CPU.ActiveCfg = Release|Any CPU
		{522A5B04-F51E-4058-818C-3FAEE796ABB6}.Release|Any CPU.Build.0 = Release|Any CPU
		{DE4358BC-2FC6-480B-92A2-8AAE38970667}.Debug|Any CPU.ActiveCfg = Debug|Any CPU
		{DE4358BC-2FC6-480B-92A2-8AAE38970667}.Debug|Any CPU.Build.0 = Debug|Any CPU
		{DE4358BC-2FC6-480B-92A2-8AAE38970667}.Release|Any CPU.ActiveCfg = Release|Any CPU
		{DE4358BC-2FC6-480B-92A2-8AAE38970667}.Release|Any CPU.Build.0 = Release|Any CPU
		{0CF55F0D-B655-4004-B96A-5722188D8B1A}.Debug|Any CPU.ActiveCfg = Debug|Any CPU
		{0CF55F0D-B655-4004-B96A-5722188D8B1A}.Debug|Any CPU.Build.0 = Debug|Any CPU
		{0CF55F0D-B655-4004-B96A-5722188D8B1A}.Release|Any CPU.ActiveCfg = Release|Any CPU
		{0CF55F0D-B655-4004-B96A-5722188D8B1A}.Release|Any CPU.Build.0 = Release|Any CPU
	EndGlobalSection
	GlobalSection(SolutionProperties) = preSolution
		HideSolutionNode = FALSE
	EndGlobalSection
	GlobalSection(ExtensibilityGlobals) = postSolution
		SolutionGuid = {39B3E338-F9CA-4E89-89E0-C959FD1BCAB6}
	EndGlobalSection
EndGlobal
