
Microsoft Visual Studio Solution File, Format Version 12.00
# Visual Studio 15
VisualStudioVersion = 15.0.28307.421
MinimumVisualStudioVersion = 10.0.40219.1
Project("{FAE04EC0-301F-11D3-BF4B-00C04F79EFBC}") = "Trojan Invasion", "Trojan Invasion\Trojan Invasion.csproj", "{0C944B59-69FF-4F69-A3BA-E5A20A26502B}"
EndProject
Project("{FAE04EC0-301F-11D3-BF4B-00C04F79EFBC}") = "Helen's Abduction", "Helen's Abduction\Helen's Abduction.csproj", "{40999CAF-0CCD-429E-9583-CFCADD6C4895}"
EndProject
Global
	GlobalSection(SolutionConfigurationPlatforms) = preSolution
		Debug|Any CPU = Debug|Any CPU
		Release|Any CPU = Release|Any CPU
	EndGlobalSection
	GlobalSection(ProjectConfigurationPlatforms) = postSolution
		{0C944B59-69FF-4F69-A3BA-E5A20A26502B}.Debug|Any CPU.ActiveCfg = Debug|Any CPU
		{0C944B59-69FF-4F69-A3BA-E5A20A26502B}.Debug|Any CPU.Build.0 = Debug|Any CPU
		{0C944B59-69FF-4F69-A3BA-E5A20A26502B}.Release|Any CPU.ActiveCfg = Release|Any CPU
		{0C944B59-69FF-4F69-A3BA-E5A20A26502B}.Release|Any CPU.Build.0 = Release|Any CPU
		{40999CAF-0CCD-429E-9583-CFCADD6C4895}.Debug|Any CPU.ActiveCfg = Debug|Any CPU
		{40999CAF-0CCD-429E-9583-CFCADD6C4895}.Debug|Any CPU.Build.0 = Debug|Any CPU
		{40999CAF-0CCD-429E-9583-CFCADD6C4895}.Release|Any CPU.ActiveCfg = Release|Any CPU
		{40999CAF-0CCD-429E-9583-CFCADD6C4895}.Release|Any CPU.Build.0 = Release|Any CPU
	EndGlobalSection
	GlobalSection(SolutionProperties) = preSolution
		HideSolutionNode = FALSE
	EndGlobalSection
	GlobalSection(ExtensibilityGlobals) = postSolution
		SolutionGuid = {8346E668-4A5F-4C31-8983-9D7CFB00A6AC}
	EndGlobalSection
EndGlobal
