
Microsoft Visual Studio Solution File, Format Version 12.00
# Visual Studio 15
VisualStudioVersion = 15.0.28307.902
MinimumVisualStudioVersion = 10.0.40219.1
Project("{FAE04EC0-301F-11D3-BF4B-00C04F79EFBC}") = "Vehicles", "Vehicles\Vehicles.csproj", "{15958B93-8734-4301-8A30-8A59092E4082}"
EndProject
Project("{FAE04EC0-301F-11D3-BF4B-00C04F79EFBC}") = "WildFarm", "WildFarm\WildFarm.csproj", "{C4E3FE55-D65F-40E8-8667-8C6A04753A30}"
EndProject
Global
	GlobalSection(SolutionConfigurationPlatforms) = preSolution
		Debug|Any CPU = Debug|Any CPU
		Release|Any CPU = Release|Any CPU
	EndGlobalSection
	GlobalSection(ProjectConfigurationPlatforms) = postSolution
		{15958B93-8734-4301-8A30-8A59092E4082}.Debug|Any CPU.ActiveCfg = Debug|Any CPU
		{15958B93-8734-4301-8A30-8A59092E4082}.Debug|Any CPU.Build.0 = Debug|Any CPU
		{15958B93-8734-4301-8A30-8A59092E4082}.Release|Any CPU.ActiveCfg = Release|Any CPU
		{15958B93-8734-4301-8A30-8A59092E4082}.Release|Any CPU.Build.0 = Release|Any CPU
		{C4E3FE55-D65F-40E8-8667-8C6A04753A30}.Debug|Any CPU.ActiveCfg = Debug|Any CPU
		{C4E3FE55-D65F-40E8-8667-8C6A04753A30}.Debug|Any CPU.Build.0 = Debug|Any CPU
		{C4E3FE55-D65F-40E8-8667-8C6A04753A30}.Release|Any CPU.ActiveCfg = Release|Any CPU
		{C4E3FE55-D65F-40E8-8667-8C6A04753A30}.Release|Any CPU.Build.0 = Release|Any CPU
	EndGlobalSection
	GlobalSection(SolutionProperties) = preSolution
		HideSolutionNode = FALSE
	EndGlobalSection
	GlobalSection(ExtensibilityGlobals) = postSolution
		SolutionGuid = {1A13CC9E-F526-4414-BDB7-C89D2CF7ACAD}
	EndGlobalSection
EndGlobal
