
Microsoft Visual Studio Solution File, Format Version 12.00
# Visual Studio 15
VisualStudioVersion = 15.0.28307.421
MinimumVisualStudioVersion = 10.0.40219.1
Project("{FAE04EC0-301F-11D3-BF4B-00C04F79EFBC}") = "DefineAnInterfaceIPerson", "Define an Interface IPerson\DefineAnInterfaceIPerson.csproj", "{0894BE36-42B3-41F5-8250-32AF999D34DE}"
EndProject
Project("{FAE04EC0-301F-11D3-BF4B-00C04F79EFBC}") = "FerrariCreator", "FerrariCreator\FerrariCreator.csproj", "{448151CA-FABD-4081-BDFB-756FDA6E7414}"
EndProject
Project("{FAE04EC0-301F-11D3-BF4B-00C04F79EFBC}") = "Telephony", "Telephony\Telephony.csproj", "{E44335A2-7289-46B1-BFCB-C177B6FEBC5A}"
EndProject
Project("{FAE04EC0-301F-11D3-BF4B-00C04F79EFBC}") = "Border", "Border\Border.csproj", "{9BD51BD1-C7A5-4263-B50A-27A8353DCE89}"
EndProject
Project("{FAE04EC0-301F-11D3-BF4B-00C04F79EFBC}") = "Food", "Food Shortage\Food.csproj", "{55F9582E-AB12-4890-9F46-C15075778840}"
EndProject
Project("{FAE04EC0-301F-11D3-BF4B-00C04F79EFBC}") = "MilitaryElite", "MilitaryElite\MilitaryElite.csproj", "{3A45C2C4-490A-4DF7-A94D-F9E5C0D7DF72}"
EndProject
Global
	GlobalSection(SolutionConfigurationPlatforms) = preSolution
		Debug|Any CPU = Debug|Any CPU
		Release|Any CPU = Release|Any CPU
	EndGlobalSection
	GlobalSection(ProjectConfigurationPlatforms) = postSolution
		{0894BE36-42B3-41F5-8250-32AF999D34DE}.Debug|Any CPU.ActiveCfg = Debug|Any CPU
		{0894BE36-42B3-41F5-8250-32AF999D34DE}.Debug|Any CPU.Build.0 = Debug|Any CPU
		{0894BE36-42B3-41F5-8250-32AF999D34DE}.Release|Any CPU.ActiveCfg = Release|Any CPU
		{0894BE36-42B3-41F5-8250-32AF999D34DE}.Release|Any CPU.Build.0 = Release|Any CPU
		{448151CA-FABD-4081-BDFB-756FDA6E7414}.Debug|Any CPU.ActiveCfg = Debug|Any CPU
		{448151CA-FABD-4081-BDFB-756FDA6E7414}.Debug|Any CPU.Build.0 = Debug|Any CPU
		{448151CA-FABD-4081-BDFB-756FDA6E7414}.Release|Any CPU.ActiveCfg = Release|Any CPU
		{448151CA-FABD-4081-BDFB-756FDA6E7414}.Release|Any CPU.Build.0 = Release|Any CPU
		{E44335A2-7289-46B1-BFCB-C177B6FEBC5A}.Debug|Any CPU.ActiveCfg = Debug|Any CPU
		{E44335A2-7289-46B1-BFCB-C177B6FEBC5A}.Debug|Any CPU.Build.0 = Debug|Any CPU
		{E44335A2-7289-46B1-BFCB-C177B6FEBC5A}.Release|Any CPU.ActiveCfg = Release|Any CPU
		{E44335A2-7289-46B1-BFCB-C177B6FEBC5A}.Release|Any CPU.Build.0 = Release|Any CPU
		{9BD51BD1-C7A5-4263-B50A-27A8353DCE89}.Debug|Any CPU.ActiveCfg = Debug|Any CPU
		{9BD51BD1-C7A5-4263-B50A-27A8353DCE89}.Debug|Any CPU.Build.0 = Debug|Any CPU
		{9BD51BD1-C7A5-4263-B50A-27A8353DCE89}.Release|Any CPU.ActiveCfg = Release|Any CPU
		{9BD51BD1-C7A5-4263-B50A-27A8353DCE89}.Release|Any CPU.Build.0 = Release|Any CPU
		{55F9582E-AB12-4890-9F46-C15075778840}.Debug|Any CPU.ActiveCfg = Debug|Any CPU
		{55F9582E-AB12-4890-9F46-C15075778840}.Debug|Any CPU.Build.0 = Debug|Any CPU
		{55F9582E-AB12-4890-9F46-C15075778840}.Release|Any CPU.ActiveCfg = Release|Any CPU
		{55F9582E-AB12-4890-9F46-C15075778840}.Release|Any CPU.Build.0 = Release|Any CPU
		{3A45C2C4-490A-4DF7-A94D-F9E5C0D7DF72}.Debug|Any CPU.ActiveCfg = Debug|Any CPU
		{3A45C2C4-490A-4DF7-A94D-F9E5C0D7DF72}.Debug|Any CPU.Build.0 = Debug|Any CPU
		{3A45C2C4-490A-4DF7-A94D-F9E5C0D7DF72}.Release|Any CPU.ActiveCfg = Release|Any CPU
		{3A45C2C4-490A-4DF7-A94D-F9E5C0D7DF72}.Release|Any CPU.Build.0 = Release|Any CPU
	EndGlobalSection
	GlobalSection(SolutionProperties) = preSolution
		HideSolutionNode = FALSE
	EndGlobalSection
	GlobalSection(ExtensibilityGlobals) = postSolution
		SolutionGuid = {2ABDAF5E-AF39-47ED-8C75-CFEF015BE3B8}
	EndGlobalSection
EndGlobal
