
Microsoft Visual Studio Solution File, Format Version 12.00
# Visual Studio 15
VisualStudioVersion = 15.0.28307.421
MinimumVisualStudioVersion = 10.0.40219.1
Project("{9A19103F-16F7-4668-BE54-9A1E7A4F7556}") = "Rabbits", "Rabbits.csproj", "{4E20EB11-CA18-4A41-991A-8C913AB4DEFD}"
EndProject
Project("{9A19103F-16F7-4668-BE54-9A1E7A4F7556}") = "BookWorm", "..\BookWorm\BookWorm.csproj", "{67DD3796-9D65-4DA0-B004-C1CE8AEEE668}"
EndProject
Project("{FAE04EC0-301F-11D3-BF4B-00C04F79EFBC}") = "DatingApp", "DatingApp\DatingApp.csproj", "{2D0F3DF9-00A8-4A66-8400-9CC982CCC9E0}"
EndProject
Project("{9A19103F-16F7-4668-BE54-9A1E7A4F7556}") = "Dating App", "..\DatingApp\Dating App.csproj", "{B8E84788-991E-4227-AD76-8A712E2EB869}"
EndProject
Global
	GlobalSection(SolutionConfigurationPlatforms) = preSolution
		Debug|Any CPU = Debug|Any CPU
		Release|Any CPU = Release|Any CPU
	EndGlobalSection
	GlobalSection(ProjectConfigurationPlatforms) = postSolution
		{4E20EB11-CA18-4A41-991A-8C913AB4DEFD}.Debug|Any CPU.ActiveCfg = Debug|Any CPU
		{4E20EB11-CA18-4A41-991A-8C913AB4DEFD}.Debug|Any CPU.Build.0 = Debug|Any CPU
		{4E20EB11-CA18-4A41-991A-8C913AB4DEFD}.Release|Any CPU.ActiveCfg = Release|Any CPU
		{4E20EB11-CA18-4A41-991A-8C913AB4DEFD}.Release|Any CPU.Build.0 = Release|Any CPU
		{67DD3796-9D65-4DA0-B004-C1CE8AEEE668}.Debug|Any CPU.ActiveCfg = Debug|Any CPU
		{67DD3796-9D65-4DA0-B004-C1CE8AEEE668}.Debug|Any CPU.Build.0 = Debug|Any CPU
		{67DD3796-9D65-4DA0-B004-C1CE8AEEE668}.Release|Any CPU.ActiveCfg = Release|Any CPU
		{67DD3796-9D65-4DA0-B004-C1CE8AEEE668}.Release|Any CPU.Build.0 = Release|Any CPU
		{2D0F3DF9-00A8-4A66-8400-9CC982CCC9E0}.Debug|Any CPU.ActiveCfg = Debug|Any CPU
		{2D0F3DF9-00A8-4A66-8400-9CC982CCC9E0}.Debug|Any CPU.Build.0 = Debug|Any CPU
		{2D0F3DF9-00A8-4A66-8400-9CC982CCC9E0}.Release|Any CPU.ActiveCfg = Release|Any CPU
		{2D0F3DF9-00A8-4A66-8400-9CC982CCC9E0}.Release|Any CPU.Build.0 = Release|Any CPU
		{B8E84788-991E-4227-AD76-8A712E2EB869}.Debug|Any CPU.ActiveCfg = Debug|Any CPU
		{B8E84788-991E-4227-AD76-8A712E2EB869}.Debug|Any CPU.Build.0 = Debug|Any CPU
		{B8E84788-991E-4227-AD76-8A712E2EB869}.Release|Any CPU.ActiveCfg = Release|Any CPU
		{B8E84788-991E-4227-AD76-8A712E2EB869}.Release|Any CPU.Build.0 = Release|Any CPU
	EndGlobalSection
	GlobalSection(SolutionProperties) = preSolution
		HideSolutionNode = FALSE
	EndGlobalSection
	GlobalSection(ExtensibilityGlobals) = postSolution
		SolutionGuid = {D557DB1D-02CA-48A4-BC20-5798B41894B7}
	EndGlobalSection
EndGlobal
