
Microsoft Visual Studio Solution File, Format Version 12.00
# Visual Studio Version 16
VisualStudioVersion = 16.0.29709.97
MinimumVisualStudioVersion = 10.0.40219.1
Project("{FAE04EC0-301F-11D3-BF4B-00C04F79EFBC}") = "PetStore.ConsoleApplication", "PetStore.ConsoleApplication\PetStore.ConsoleApplication.csproj", "{9DDF38DD-A0A6-46C5-BD7A-D67F17C8BC9D}"
EndProject
Project("{FAE04EC0-301F-11D3-BF4B-00C04F79EFBC}") = "PetStore.Data", "PetStore.Data\PetStore.Data.csproj", "{B97B474F-7958-4BEB-BA04-BE67C8B8CF81}"
EndProject
Project("{FAE04EC0-301F-11D3-BF4B-00C04F79EFBC}") = "PetStore.Models", "PetStore.Models\PetStore.Models.csproj", "{6A903E9A-3FFC-4B61-A000-886D1685BBDC}"
EndProject
Project("{FAE04EC0-301F-11D3-BF4B-00C04F79EFBC}") = "PetStore.Services", "PetStore.Services\PetStore.Services.csproj", "{BAC38DD1-47A8-4F7D-8A48-66CA9636CBAB}"
EndProject
Project("{FAE04EC0-301F-11D3-BF4B-00C04F79EFBC}") = "PetStore.Importer", "PetStore.Importer\PetStore.Importer.csproj", "{B61A00EA-68D0-4BEF-91A3-C30CA9606FB2}"
EndProject
Global
	GlobalSection(SolutionConfigurationPlatforms) = preSolution
		Debug|Any CPU = Debug|Any CPU
		Release|Any CPU = Release|Any CPU
	EndGlobalSection
	GlobalSection(ProjectConfigurationPlatforms) = postSolution
		{9DDF38DD-A0A6-46C5-BD7A-D67F17C8BC9D}.Debug|Any CPU.ActiveCfg = Debug|Any CPU
		{9DDF38DD-A0A6-46C5-BD7A-D67F17C8BC9D}.Debug|Any CPU.Build.0 = Debug|Any CPU
		{9DDF38DD-A0A6-46C5-BD7A-D67F17C8BC9D}.Release|Any CPU.ActiveCfg = Release|Any CPU
		{9DDF38DD-A0A6-46C5-BD7A-D67F17C8BC9D}.Release|Any CPU.Build.0 = Release|Any CPU
		{B97B474F-7958-4BEB-BA04-BE67C8B8CF81}.Debug|Any CPU.ActiveCfg = Debug|Any CPU
		{B97B474F-7958-4BEB-BA04-BE67C8B8CF81}.Debug|Any CPU.Build.0 = Debug|Any CPU
		{B97B474F-7958-4BEB-BA04-BE67C8B8CF81}.Release|Any CPU.ActiveCfg = Release|Any CPU
		{B97B474F-7958-4BEB-BA04-BE67C8B8CF81}.Release|Any CPU.Build.0 = Release|Any CPU
		{6A903E9A-3FFC-4B61-A000-886D1685BBDC}.Debug|Any CPU.ActiveCfg = Debug|Any CPU
		{6A903E9A-3FFC-4B61-A000-886D1685BBDC}.Debug|Any CPU.Build.0 = Debug|Any CPU
		{6A903E9A-3FFC-4B61-A000-886D1685BBDC}.Release|Any CPU.ActiveCfg = Release|Any CPU
		{6A903E9A-3FFC-4B61-A000-886D1685BBDC}.Release|Any CPU.Build.0 = Release|Any CPU
		{BAC38DD1-47A8-4F7D-8A48-66CA9636CBAB}.Debug|Any CPU.ActiveCfg = Debug|Any CPU
		{BAC38DD1-47A8-4F7D-8A48-66CA9636CBAB}.Debug|Any CPU.Build.0 = Debug|Any CPU
		{BAC38DD1-47A8-4F7D-8A48-66CA9636CBAB}.Release|Any CPU.ActiveCfg = Release|Any CPU
		{BAC38DD1-47A8-4F7D-8A48-66CA9636CBAB}.Release|Any CPU.Build.0 = Release|Any CPU
		{B61A00EA-68D0-4BEF-91A3-C30CA9606FB2}.Debug|Any CPU.ActiveCfg = Debug|Any CPU
		{B61A00EA-68D0-4BEF-91A3-C30CA9606FB2}.Debug|Any CPU.Build.0 = Debug|Any CPU
		{B61A00EA-68D0-4BEF-91A3-C30CA9606FB2}.Release|Any CPU.ActiveCfg = Release|Any CPU
		{B61A00EA-68D0-4BEF-91A3-C30CA9606FB2}.Release|Any CPU.Build.0 = Release|Any CPU
	EndGlobalSection
	GlobalSection(SolutionProperties) = preSolution
		HideSolutionNode = FALSE
	EndGlobalSection
	GlobalSection(ExtensibilityGlobals) = postSolution
		SolutionGuid = {75AA2CFE-548A-4C3B-B718-589D2B6037ED}
	EndGlobalSection
EndGlobal
