
Microsoft Visual Studio Solution File, Format Version 12.00
# Visual Studio 15
VisualStudioVersion = 15.0.28307.421
MinimumVisualStudioVersion = 10.0.40219.1
Project("{FAE04EC0-301F-11D3-BF4B-00C04F79EFBC}") = "BoxOfT", "Box\BoxOfT.csproj", "{C50DE4EB-B583-4722-9A48-6A1F25964162}"
EndProject
Project("{FAE04EC0-301F-11D3-BF4B-00C04F79EFBC}") = "GenericArrayCreator", "Array Creator\GenericArrayCreator.csproj", "{72FD9312-B330-45F6-B7AA-82E91398F6EE}"
EndProject
Project("{FAE04EC0-301F-11D3-BF4B-00C04F79EFBC}") = "GenericScale", "GenericScale\GenericScale.csproj", "{8CF56F86-6067-41C6-9E44-58BEA2C4856A}"
EndProject
Global
	GlobalSection(SolutionConfigurationPlatforms) = preSolution
		Debug|Any CPU = Debug|Any CPU
		Release|Any CPU = Release|Any CPU
	EndGlobalSection
	GlobalSection(ProjectConfigurationPlatforms) = postSolution
		{C50DE4EB-B583-4722-9A48-6A1F25964162}.Debug|Any CPU.ActiveCfg = Debug|Any CPU
		{C50DE4EB-B583-4722-9A48-6A1F25964162}.Debug|Any CPU.Build.0 = Debug|Any CPU
		{C50DE4EB-B583-4722-9A48-6A1F25964162}.Release|Any CPU.ActiveCfg = Release|Any CPU
		{C50DE4EB-B583-4722-9A48-6A1F25964162}.Release|Any CPU.Build.0 = Release|Any CPU
		{72FD9312-B330-45F6-B7AA-82E91398F6EE}.Debug|Any CPU.ActiveCfg = Debug|Any CPU
		{72FD9312-B330-45F6-B7AA-82E91398F6EE}.Debug|Any CPU.Build.0 = Debug|Any CPU
		{72FD9312-B330-45F6-B7AA-82E91398F6EE}.Release|Any CPU.ActiveCfg = Release|Any CPU
		{72FD9312-B330-45F6-B7AA-82E91398F6EE}.Release|Any CPU.Build.0 = Release|Any CPU
		{8CF56F86-6067-41C6-9E44-58BEA2C4856A}.Debug|Any CPU.ActiveCfg = Debug|Any CPU
		{8CF56F86-6067-41C6-9E44-58BEA2C4856A}.Debug|Any CPU.Build.0 = Debug|Any CPU
		{8CF56F86-6067-41C6-9E44-58BEA2C4856A}.Release|Any CPU.ActiveCfg = Release|Any CPU
		{8CF56F86-6067-41C6-9E44-58BEA2C4856A}.Release|Any CPU.Build.0 = Release|Any CPU
	EndGlobalSection
	GlobalSection(SolutionProperties) = preSolution
		HideSolutionNode = FALSE
	EndGlobalSection
	GlobalSection(ExtensibilityGlobals) = postSolution
		SolutionGuid = {5B5AEBCC-0681-4FA4-B3F6-EC7B6D665784}
	EndGlobalSection
EndGlobal
