
Microsoft Visual Studio Solution File, Format Version 12.00
# Visual Studio 15
VisualStudioVersion = 15.0.28307.421
MinimumVisualStudioVersion = 10.0.40219.1
Project("{FAE04EC0-301F-11D3-BF4B-00C04F79EFBC}") = "Concert", "Concert\Concert.csproj", "{D8696262-EB14-4A95-A55E-EBC1D79E5D20}"
EndProject
Project("{FAE04EC0-301F-11D3-BF4B-00C04F79EFBC}") = "The Isle of Man TT Race", "The Isle of Man TT Race\The Isle of Man TT Race.csproj", "{4A9AEF47-4F65-4CC9-B3C9-A36A4462BD47}"
EndProject
Project("{FAE04EC0-301F-11D3-BF4B-00C04F79EFBC}") = "Song Encryption", "Song Encryption\Song Encryption.csproj", "{462592A3-13FB-46A7-AB45-327B7D4A326D}"
EndProject
Global
	GlobalSection(SolutionConfigurationPlatforms) = preSolution
		Debug|Any CPU = Debug|Any CPU
		Release|Any CPU = Release|Any CPU
	EndGlobalSection
	GlobalSection(ProjectConfigurationPlatforms) = postSolution
		{D8696262-EB14-4A95-A55E-EBC1D79E5D20}.Debug|Any CPU.ActiveCfg = Debug|Any CPU
		{D8696262-EB14-4A95-A55E-EBC1D79E5D20}.Debug|Any CPU.Build.0 = Debug|Any CPU
		{D8696262-EB14-4A95-A55E-EBC1D79E5D20}.Release|Any CPU.ActiveCfg = Release|Any CPU
		{D8696262-EB14-4A95-A55E-EBC1D79E5D20}.Release|Any CPU.Build.0 = Release|Any CPU
		{4A9AEF47-4F65-4CC9-B3C9-A36A4462BD47}.Debug|Any CPU.ActiveCfg = Debug|Any CPU
		{4A9AEF47-4F65-4CC9-B3C9-A36A4462BD47}.Debug|Any CPU.Build.0 = Debug|Any CPU
		{4A9AEF47-4F65-4CC9-B3C9-A36A4462BD47}.Release|Any CPU.ActiveCfg = Release|Any CPU
		{4A9AEF47-4F65-4CC9-B3C9-A36A4462BD47}.Release|Any CPU.Build.0 = Release|Any CPU
		{462592A3-13FB-46A7-AB45-327B7D4A326D}.Debug|Any CPU.ActiveCfg = Debug|Any CPU
		{462592A3-13FB-46A7-AB45-327B7D4A326D}.Debug|Any CPU.Build.0 = Debug|Any CPU
		{462592A3-13FB-46A7-AB45-327B7D4A326D}.Release|Any CPU.ActiveCfg = Release|Any CPU
		{462592A3-13FB-46A7-AB45-327B7D4A326D}.Release|Any CPU.Build.0 = Release|Any CPU
	EndGlobalSection
	GlobalSection(SolutionProperties) = preSolution
		HideSolutionNode = FALSE
	EndGlobalSection
	GlobalSection(ExtensibilityGlobals) = postSolution
		SolutionGuid = {B50428DB-66FE-411E-8E91-A61A3A4670AF}
	EndGlobalSection
EndGlobal
