
Microsoft Visual Studio Solution File, Format Version 12.00
# Visual Studio 15
VisualStudioVersion = 15.0.28307.421
MinimumVisualStudioVersion = 10.0.40219.1
Project("{9A19103F-16F7-4668-BE54-9A1E7A4F7556}") = "First Task", "First Task\First Task.csproj", "{58007CF9-D2F1-4D80-8B4D-1BF8B8629C0A}"
EndProject
Project("{FAE04EC0-301F-11D3-BF4B-00C04F79EFBC}") = "DistanceCalculator", "DistanceCalculator\DistanceCalculator.csproj", "{A2D75B4F-EE5B-4B3F-8C3E-6B8345FAF5C1}"
EndProject
Project("{FAE04EC0-301F-11D3-BF4B-00C04F79EFBC}") = "ContactList", "ContactList\ContactList.csproj", "{16FE4E3C-316E-42B9-B20D-891EC763843C}"
EndProject
Global
	GlobalSection(SolutionConfigurationPlatforms) = preSolution
		Debug|Any CPU = Debug|Any CPU
		Release|Any CPU = Release|Any CPU
	EndGlobalSection
	GlobalSection(ProjectConfigurationPlatforms) = postSolution
		{58007CF9-D2F1-4D80-8B4D-1BF8B8629C0A}.Debug|Any CPU.ActiveCfg = Debug|Any CPU
		{58007CF9-D2F1-4D80-8B4D-1BF8B8629C0A}.Debug|Any CPU.Build.0 = Debug|Any CPU
		{58007CF9-D2F1-4D80-8B4D-1BF8B8629C0A}.Release|Any CPU.ActiveCfg = Release|Any CPU
		{58007CF9-D2F1-4D80-8B4D-1BF8B8629C0A}.Release|Any CPU.Build.0 = Release|Any CPU
		{A2D75B4F-EE5B-4B3F-8C3E-6B8345FAF5C1}.Debug|Any CPU.ActiveCfg = Debug|Any CPU
		{A2D75B4F-EE5B-4B3F-8C3E-6B8345FAF5C1}.Debug|Any CPU.Build.0 = Debug|Any CPU
		{A2D75B4F-EE5B-4B3F-8C3E-6B8345FAF5C1}.Release|Any CPU.ActiveCfg = Release|Any CPU
		{A2D75B4F-EE5B-4B3F-8C3E-6B8345FAF5C1}.Release|Any CPU.Build.0 = Release|Any CPU
		{16FE4E3C-316E-42B9-B20D-891EC763843C}.Debug|Any CPU.ActiveCfg = Debug|Any CPU
		{16FE4E3C-316E-42B9-B20D-891EC763843C}.Debug|Any CPU.Build.0 = Debug|Any CPU
		{16FE4E3C-316E-42B9-B20D-891EC763843C}.Release|Any CPU.ActiveCfg = Release|Any CPU
		{16FE4E3C-316E-42B9-B20D-891EC763843C}.Release|Any CPU.Build.0 = Release|Any CPU
	EndGlobalSection
	GlobalSection(SolutionProperties) = preSolution
		HideSolutionNode = FALSE
	EndGlobalSection
	GlobalSection(ExtensibilityGlobals) = postSolution
		SolutionGuid = {3FAE5E67-7F87-4C53-87B7-5B2617ED2E38}
	EndGlobalSection
EndGlobal
