
Microsoft Visual Studio Solution File, Format Version 12.00
# Visual Studio Version 16
VisualStudioVersion = 16.0.29403.142
MinimumVisualStudioVersion = 10.0.40219.1
Project("{FAE04EC0-301F-11D3-BF4B-00C04F79EFBC}") = "Action Point", "Action Point\Action Point.csproj", "{CF285175-9C4F-4766-AC1C-1F53EAA04814}"
EndProject
Project("{FAE04EC0-301F-11D3-BF4B-00C04F79EFBC}") = "Knights of Honor", "Knights of Honor\Knights of Honor.csproj", "{CDABCD6D-EE95-4336-BC0D-BBEF8FA1933A}"
EndProject
Project("{FAE04EC0-301F-11D3-BF4B-00C04F79EFBC}") = "Custom Min Function", "Custom Min Function\Custom Min Function.csproj", "{2E9433AE-E9C4-4AD3-9B6E-66C083AF4894}"
EndProject
Global
	GlobalSection(SolutionConfigurationPlatforms) = preSolution
		Debug|Any CPU = Debug|Any CPU
		Release|Any CPU = Release|Any CPU
	EndGlobalSection
	GlobalSection(ProjectConfigurationPlatforms) = postSolution
		{CF285175-9C4F-4766-AC1C-1F53EAA04814}.Debug|Any CPU.ActiveCfg = Debug|Any CPU
		{CF285175-9C4F-4766-AC1C-1F53EAA04814}.Debug|Any CPU.Build.0 = Debug|Any CPU
		{CF285175-9C4F-4766-AC1C-1F53EAA04814}.Release|Any CPU.ActiveCfg = Release|Any CPU
		{CF285175-9C4F-4766-AC1C-1F53EAA04814}.Release|Any CPU.Build.0 = Release|Any CPU
		{CDABCD6D-EE95-4336-BC0D-BBEF8FA1933A}.Debug|Any CPU.ActiveCfg = Debug|Any CPU
		{CDABCD6D-EE95-4336-BC0D-BBEF8FA1933A}.Debug|Any CPU.Build.0 = Debug|Any CPU
		{CDABCD6D-EE95-4336-BC0D-BBEF8FA1933A}.Release|Any CPU.ActiveCfg = Release|Any CPU
		{CDABCD6D-EE95-4336-BC0D-BBEF8FA1933A}.Release|Any CPU.Build.0 = Release|Any CPU
		{2E9433AE-E9C4-4AD3-9B6E-66C083AF4894}.Debug|Any CPU.ActiveCfg = Debug|Any CPU
		{2E9433AE-E9C4-4AD3-9B6E-66C083AF4894}.Debug|Any CPU.Build.0 = Debug|Any CPU
		{2E9433AE-E9C4-4AD3-9B6E-66C083AF4894}.Release|Any CPU.ActiveCfg = Release|Any CPU
		{2E9433AE-E9C4-4AD3-9B6E-66C083AF4894}.Release|Any CPU.Build.0 = Release|Any CPU
	EndGlobalSection
	GlobalSection(SolutionProperties) = preSolution
		HideSolutionNode = FALSE
	EndGlobalSection
	GlobalSection(ExtensibilityGlobals) = postSolution
		SolutionGuid = {C9C537F3-64D2-49D2-B07D-7B829B34BDE7}
	EndGlobalSection
EndGlobal
